<?xml version="1.0" encoding="utf-8"?>
<Project ToolsVersion="4.0" xmlns="http://schemas.microsoft.com/developer/msbuild/2003">
  <ItemGroup>
    <Filter Include="Source Files">
      <UniqueIdentifier>{4FC737F1-C7A5-4376-A066-2A32D752A2FF}</UniqueIdentifier>
      <Extensions>cpp;c;cc;cxx;c++;def;odl;idl;hpj;bat;asm;asmx</Extensions>
    </Filter>
    <Filter Include="Header Files">
      <UniqueIdentifier>{93995380-89BD-4b04-88EB-625FBE52EBFB}</UniqueIdentifier>
      <Extensions>h;hh;hpp;hxx;h++;hm;inl;inc;ipp;xsd</Extensions>
    </Filter>
    <Filter Include="Resource Files">
      <UniqueIdentifier>{67DA6AB6-F800-4c08-8B7A-83BB121AAD01}</UniqueIdentifier>
      <Extensions>rc;ico;cur;bmp;dlg;rc2;rct;bin;rgs;gif;jpg;jpeg;jpe;resx;tiff;tif;png;wav;mfcribbon-ms</Extensions>
    </Filter>
    <Filter Include="MachineIntelligence">
      <UniqueIdentifier>{b25b8351-8bbd-432b-8a7f-3ebd0964cffe}</UniqueIdentifier>
    </Filter>
    <Filter Include="MachineIntelligence\TransportRock">
      <UniqueIdentifier>{1c202fa3-39cc-4903-a70b-a0c2765746d0}</UniqueIdentifier>
    </Filter>
    <Filter Include="MachineIntelligence\MoonSurvival">
      <UniqueIdentifier>{5dd9faa8-dfe8-48b7-899f-219227aab035}</UniqueIdentifier>
    </Filter>
    <Filter Include="MachineIntelligence\MoonMaze">
      <UniqueIdentifier>{982a5880-287f-48b9-afa5-95cfaf252c45}</UniqueIdentifier>
    </Filter>
    <Filter Include="MachineIntelligence\PlantFlag">
      <UniqueIdentifier>{ddab690c-17a0-4b8b-801f-6c80dc246075}</UniqueIdentifier>
    </Filter>
    <Filter Include="MachineIntelligence\DynamicDance">
      <UniqueIdentifier>{6a91d832-249c-48dc-8c32-26c86c9b4227}</UniqueIdentifier>
    </Filter>
    <Filter Include="MachineIntelligence\QRCodeScan">
      <UniqueIdentifier>{f2300fad-36aa-4ae6-ad33-ebfb68c324c5}</UniqueIdentifier>
    </Filter>
  </ItemGroup>
  <ItemGroup>
    <ClCompile Include="Robotica.cpp">
      <Filter>Source Files</Filter>
    </ClCompile>
    <ClCompile Include="NSA.cpp">
      <Filter>Source Files</Filter>
    </ClCompile>
    <ClCompile Include="Vector3.cpp">
      <Filter>Source Files</Filter>
    </ClCompile>
    <ClCompile Include="RobotController.cpp">
      <Filter>Source Files</Filter>
    </ClCompile>
    <ClCompile Include="MIStrategy.cpp">
      <Filter>MachineIntelligence</Filter>
    </ClCompile>
    <ClCompile Include="TransportRockStrategy.cpp">
      <Filter>MachineIntelligence\TransportRock</Filter>
    </ClCompile>
    <ClCompile Include="WeightSensor.cpp">
      <Filter>MachineIntelligence\TransportRock</Filter>
    </ClCompile>
    <ClCompile Include="MeasureWeightController.cpp">
      <Filter>MachineIntelligence\TransportRock</Filter>
    </ClCompile>
    <ClCompile Include="VisionController.cpp">
      <Filter>Source Files</Filter>
    </ClCompile>
    <ClCompile Include="ScanQRCodeStrategy.cpp">
      <Filter>MachineIntelligence\QRCodeScan</Filter>
    </ClCompile>
    <ClCompile Include="PlantFlagStrategy.cpp">
      <Filter>MachineIntelligence\PlantFlag</Filter>
    </ClCompile>
    <ClCompile Include="DynamicDanceStrategy.cpp">
      <Filter>MachineIntelligence\DynamicDance</Filter>
    </ClCompile>
    <ClCompile Include="MoonSurvivalStrategy.cpp">
      <Filter>MachineIntelligence\MoonSurvival</Filter>
    </ClCompile>
    <ClCompile Include="MoonMazeStrategy.cpp">
      <Filter>MachineIntelligence\MoonMaze</Filter>
    </ClCompile>
  </ItemGroup>
  <ItemGroup>
    <ClInclude Include="NSA.h">
      <Filter>Header Files</Filter>
    </ClInclude>
    <ClInclude Include="Vector3.h">
      <Filter>Header Files</Filter>
    </ClInclude>
    <ClInclude Include="RobotController.h">
      <Filter>Header Files</Filter>
    </ClInclude>
    <ClInclude Include="MIStrategy.h">
      <Filter>MachineIntelligence</Filter>
    </ClInclude>
    <ClInclude Include="TransportRockStrategy.h">
      <Filter>MachineIntelligence\TransportRock</Filter>
    </ClInclude>
    <ClInclude Include="WeightSensor.h">
      <Filter>MachineIntelligence\TransportRock</Filter>
    </ClInclude>
    <ClInclude Include="MeasureWeightController.h">
      <Filter>MachineIntelligence\TransportRock</Filter>
    </ClInclude>
    <ClInclude Include="VisionController.h">
      <Filter>Header Files</Filter>
    </ClInclude>
    <ClInclude Include="ScanQRCodeStrategy.h">
      <Filter>MachineIntelligence\QRCodeScan</Filter>
    </ClInclude>
    <ClInclude Include="PlantFlagStrategy.h">
      <Filter>MachineIntelligence\PlantFlag</Filter>
    </ClInclude>
    <ClInclude Include="DynamicDanceStrategy.h">
      <Filter>MachineIntelligence\DynamicDance</Filter>
    </ClInclude>
    <ClInclude Include="MoonSurvivalStrategy.h">
      <Filter>MachineIntelligence\MoonSurvival</Filter>
    </ClInclude>
    <ClInclude Include="MoonMazeStrategy.h">
      <Filter>MachineIntelligence\MoonMaze</Filter>
    </ClInclude>
  </ItemGroup>
</Project>